
Microsoft Visual Studio Solution File, Format Version 12.00
# Visual Studio Version 16
VisualStudioVersion = 16.0.33328.57
MinimumVisualStudioVersion = 10.0.40219.1
Project("{FAE04EC0-301F-11D3-BF4B-00C04F79EFBC}") = "Method", "Method\Method.csproj", "{30E14C08-0C68-48ED-B474-DC68E36B85DF}"
EndProject
Project("{FAE04EC0-301F-11D3-BF4B-00C04F79EFBC}") = "Return", "Return\Return.csproj", "{C2EF9907-205E-4001-B82C-FFDC7102866F}"
EndProject
Project("{FAE04EC0-301F-11D3-BF4B-00C04F79EFBC}") = "SwapByValue", "SwapByValue\SwapByValue.csproj", "{5DA3BEE1-26C5-4094-9475-6120F18300F4}"
EndProject
Project("{FAE04EC0-301F-11D3-BF4B-00C04F79EFBC}") = "SwapByRef", "SwapByRef\SwapByRef.csproj", "{ECAFEAE1-1301-48B0-AD4C-73ED55A62A74}"
EndProject
Project("{FAE04EC0-301F-11D3-BF4B-00C04F79EFBC}") = "RefReturn", "RefReturn\RefReturn.csproj", "{1847AD6B-F785-4D42-9225-551F1CE26820}"
EndProject
Project("{FAE04EC0-301F-11D3-BF4B-00C04F79EFBC}") = "UsingOut", "UsingOut\UsingOut.csproj", "{27B9164B-8A63-46FC-A7C4-B2A441A1D549}"
EndProject
Project("{FAE04EC0-301F-11D3-BF4B-00C04F79EFBC}") = "Overloading", "Overloading\Overloading.csproj", "{86D15BE6-DD3A-4D15-99D9-7ACD04E14CB0}"
EndProject
Project("{FAE04EC0-301F-11D3-BF4B-00C04F79EFBC}") = "UsingParams", "UsingParams\UsingParams.csproj", "{4E8F8C0E-4B75-4B2C-8D80-95283575685A}"
EndProject
Project("{FAE04EC0-301F-11D3-BF4B-00C04F79EFBC}") = "NamedParameter", "NamedParameter\NamedParameter.csproj", "{F870A150-58BD-4AC1-BA83-F97651BE3ED5}"
EndProject
Project("{FAE04EC0-301F-11D3-BF4B-00C04F79EFBC}") = "OptionalParameter", "OptionalParameter\OptionalParameter.csproj", "{E9A97E2E-7F71-47A1-B5DB-62BAA1386407}"
EndProject
Project("{FAE04EC0-301F-11D3-BF4B-00C04F79EFBC}") = "LocalFunction", "LocalFunction\LocalFunction.csproj", "{4BD2A99E-E35C-42E5-8EEF-C239BAA54550}"
EndProject
Project("{FAE04EC0-301F-11D3-BF4B-00C04F79EFBC}") = "YunSoYoung_ex1", "YunSoYoung_ex1\YunSoYoung_ex1.csproj", "{B75DB699-AB37-429E-A70A-8A8F05B852D8}"
EndProject
Project("{FAE04EC0-301F-11D3-BF4B-00C04F79EFBC}") = "YunSoYoung_ex2", "YunSoYoung_ex2\YunSoYoung_ex2.csproj", "{8F37AE1C-9609-4107-A832-00C4DDD8C314}"
EndProject
Project("{FAE04EC0-301F-11D3-BF4B-00C04F79EFBC}") = "YunSoYoung_ex3", "YunSoYoung_ex3\YunSoYoung_ex3.csproj", "{115A63ED-5D30-4B65-A196-B941D72BB5FE}"
EndProject
Global
	GlobalSection(SolutionConfigurationPlatforms) = preSolution
		Debug|Any CPU = Debug|Any CPU
		Release|Any CPU = Release|Any CPU
	EndGlobalSection
	GlobalSection(ProjectConfigurationPlatforms) = postSolution
		{30E14C08-0C68-48ED-B474-DC68E36B85DF}.Debug|Any CPU.ActiveCfg = Debug|Any CPU
		{30E14C08-0C68-48ED-B474-DC68E36B85DF}.Debug|Any CPU.Build.0 = Debug|Any CPU
		{30E14C08-0C68-48ED-B474-DC68E36B85DF}.Release|Any CPU.ActiveCfg = Release|Any CPU
		{30E14C08-0C68-48ED-B474-DC68E36B85DF}.Release|Any CPU.Build.0 = Release|Any CPU
		{C2EF9907-205E-4001-B82C-FFDC7102866F}.Debug|Any CPU.ActiveCfg = Debug|Any CPU
		{C2EF9907-205E-4001-B82C-FFDC7102866F}.Debug|Any CPU.Build.0 = Debug|Any CPU
		{C2EF9907-205E-4001-B82C-FFDC7102866F}.Release|Any CPU.ActiveCfg = Release|Any CPU
		{C2EF9907-205E-4001-B82C-FFDC7102866F}.Release|Any CPU.Build.0 = Release|Any CPU
		{5DA3BEE1-26C5-4094-9475-6120F18300F4}.Debug|Any CPU.ActiveCfg = Debug|Any CPU
		{5DA3BEE1-26C5-4094-9475-6120F18300F4}.Debug|Any CPU.Build.0 = Debug|Any CPU
		{5DA3BEE1-26C5-4094-9475-6120F18300F4}.Release|Any CPU.ActiveCfg = Release|Any CPU
		{5DA3BEE1-26C5-4094-9475-6120F18300F4}.Release|Any CPU.Build.0 = Release|Any CPU
		{ECAFEAE1-1301-48B0-AD4C-73ED55A62A74}.Debug|Any CPU.ActiveCfg = Debug|Any CPU
		{ECAFEAE1-1301-48B0-AD4C-73ED55A62A74}.Debug|Any CPU.Build.0 = Debug|Any CPU
		{ECAFEAE1-1301-48B0-AD4C-73ED55A62A74}.Release|Any CPU.ActiveCfg = Release|Any CPU
		{ECAFEAE1-1301-48B0-AD4C-73ED55A62A74}.Release|Any CPU.Build.0 = Release|Any CPU
		{1847AD6B-F785-4D42-9225-551F1CE26820}.Debug|Any CPU.ActiveCfg = Debug|Any CPU
		{1847AD6B-F785-4D42-9225-551F1CE26820}.Debug|Any CPU.Build.0 = Debug|Any CPU
		{1847AD6B-F785-4D42-9225-551F1CE26820}.Release|Any CPU.ActiveCfg = Release|Any CPU
		{1847AD6B-F785-4D42-9225-551F1CE26820}.Release|Any CPU.Build.0 = Release|Any CPU
		{27B9164B-8A63-46FC-A7C4-B2A441A1D549}.Debug|Any CPU.ActiveCfg = Debug|Any CPU
		{27B9164B-8A63-46FC-A7C4-B2A441A1D549}.Debug|Any CPU.Build.0 = Debug|Any CPU
		{27B9164B-8A63-46FC-A7C4-B2A441A1D549}.Release|Any CPU.ActiveCfg = Release|Any CPU
		{27B9164B-8A63-46FC-A7C4-B2A441A1D549}.Release|Any CPU.Build.0 = Release|Any CPU
		{86D15BE6-DD3A-4D15-99D9-7ACD04E14CB0}.Debug|Any CPU.ActiveCfg = Debug|Any CPU
		{86D15BE6-DD3A-4D15-99D9-7ACD04E14CB0}.Debug|Any CPU.Build.0 = Debug|Any CPU
		{86D15BE6-DD3A-4D15-99D9-7ACD04E14CB0}.Release|Any CPU.ActiveCfg = Release|Any CPU
		{86D15BE6-DD3A-4D15-99D9-7ACD04E14CB0}.Release|Any CPU.Build.0 = Release|Any CPU
		{4E8F8C0E-4B75-4B2C-8D80-95283575685A}.Debug|Any CPU.ActiveCfg = Debug|Any CPU
		{4E8F8C0E-4B75-4B2C-8D80-95283575685A}.Debug|Any CPU.Build.0 = Debug|Any CPU
		{4E8F8C0E-4B75-4B2C-8D80-95283575685A}.Release|Any CPU.ActiveCfg = Release|Any CPU
		{4E8F8C0E-4B75-4B2C-8D80-95283575685A}.Release|Any CPU.Build.0 = Release|Any CPU
		{F870A150-58BD-4AC1-BA83-F97651BE3ED5}.Debug|Any CPU.ActiveCfg = Debug|Any CPU
		{F870A150-58BD-4AC1-BA83-F97651BE3ED5}.Debug|Any CPU.Build.0 = Debug|Any CPU
		{F870A150-58BD-4AC1-BA83-F97651BE3ED5}.Release|Any CPU.ActiveCfg = Release|Any CPU
		{F870A150-58BD-4AC1-BA83-F97651BE3ED5}.Release|Any CPU.Build.0 = Release|Any CPU
		{E9A97E2E-7F71-47A1-B5DB-62BAA1386407}.Debug|Any CPU.ActiveCfg = Debug|Any CPU
		{E9A97E2E-7F71-47A1-B5DB-62BAA1386407}.Debug|Any CPU.Build.0 = Debug|Any CPU
		{E9A97E2E-7F71-47A1-B5DB-62BAA1386407}.Release|Any CPU.ActiveCfg = Release|Any CPU
		{E9A97E2E-7F71-47A1-B5DB-62BAA1386407}.Release|Any CPU.Build.0 = Release|Any CPU
		{4BD2A99E-E35C-42E5-8EEF-C239BAA54550}.Debug|Any CPU.ActiveCfg = Debug|Any CPU
		{4BD2A99E-E35C-42E5-8EEF-C239BAA54550}.Debug|Any CPU.Build.0 = Debug|Any CPU
		{4BD2A99E-E35C-42E5-8EEF-C239BAA54550}.Release|Any CPU.ActiveCfg = Release|Any CPU
		{4BD2A99E-E35C-42E5-8EEF-C239BAA54550}.Release|Any CPU.Build.0 = Release|Any CPU
		{B75DB699-AB37-429E-A70A-8A8F05B852D8}.Debug|Any CPU.ActiveCfg = Debug|Any CPU
		{B75DB699-AB37-429E-A70A-8A8F05B852D8}.Debug|Any CPU.Build.0 = Debug|Any CPU
		{B75DB699-AB37-429E-A70A-8A8F05B852D8}.Release|Any CPU.ActiveCfg = Release|Any CPU
		{B75DB699-AB37-429E-A70A-8A8F05B852D8}.Release|Any CPU.Build.0 = Release|Any CPU
		{8F37AE1C-9609-4107-A832-00C4DDD8C314}.Debug|Any CPU.ActiveCfg = Debug|Any CPU
		{8F37AE1C-9609-4107-A832-00C4DDD8C314}.Debug|Any CPU.Build.0 = Debug|Any CPU
		{8F37AE1C-9609-4107-A832-00C4DDD8C314}.Release|Any CPU.ActiveCfg = Release|Any CPU
		{8F37AE1C-9609-4107-A832-00C4DDD8C314}.Release|Any CPU.Build.0 = Release|Any CPU
		{115A63ED-5D30-4B65-A196-B941D72BB5FE}.Debug|Any CPU.ActiveCfg = Debug|Any CPU
		{115A63ED-5D30-4B65-A196-B941D72BB5FE}.Debug|Any CPU.Build.0 = Debug|Any CPU
		{115A63ED-5D30-4B65-A196-B941D72BB5FE}.Release|Any CPU.ActiveCfg = Release|Any CPU
		{115A63ED-5D30-4B65-A196-B941D72BB5FE}.Release|Any CPU.Build.0 = Release|Any CPU
	EndGlobalSection
	GlobalSection(SolutionProperties) = preSolution
		HideSolutionNode = FALSE
	EndGlobalSection
	GlobalSection(ExtensibilityGlobals) = postSolution
		SolutionGuid = {68AA1DE7-5353-4C27-90FE-419E5772BD4D}
	EndGlobalSection
EndGlobal
