
Microsoft Visual Studio Solution File, Format Version 12.00
# Visual Studio Version 16
VisualStudioVersion = 16.0.33328.57
MinimumVisualStudioVersion = 10.0.40219.1
Project("{FAE04EC0-301F-11D3-BF4B-00C04F79EFBC}") = "Method", "Method\Method.csproj", "{30E14C08-0C68-48ED-B474-DC68E36B85DF}"
EndProject
Global
	GlobalSection(SolutionConfigurationPlatforms) = preSolution
		Debug|Any CPU = Debug|Any CPU
		Release|Any CPU = Release|Any CPU
	EndGlobalSection
	GlobalSection(ProjectConfigurationPlatforms) = postSolution
		{30E14C08-0C68-48ED-B474-DC68E36B85DF}.Debug|Any CPU.ActiveCfg = Debug|Any CPU
		{30E14C08-0C68-48ED-B474-DC68E36B85DF}.Debug|Any CPU.Build.0 = Debug|Any CPU
		{30E14C08-0C68-48ED-B474-DC68E36B85DF}.Release|Any CPU.ActiveCfg = Release|Any CPU
		{30E14C08-0C68-48ED-B474-DC68E36B85DF}.Release|Any CPU.Build.0 = Release|Any CPU
	EndGlobalSection
	GlobalSection(SolutionProperties) = preSolution
		HideSolutionNode = FALSE
	EndGlobalSection
	GlobalSection(ExtensibilityGlobals) = postSolution
		SolutionGuid = {68AA1DE7-5353-4C27-90FE-419E5772BD4D}
	EndGlobalSection
EndGlobal
